// !$*UTF8*$!
{
	archiveVersion = 1;
	classes = {
	};
	objectVersion = 56;
	objects = {

/* Begin PBXBuildFile section */
		C70348412A2498080062FD6E /* Countdown.swift in Sources */ = {isa = PBXBuildFile; fileRef = C70348402A2498080062FD6E /* Countdown.swift */; };
		C70348442A2498570062FD6E /* CountdownModel.swift in Sources */ = {isa = PBXBuildFile; fileRef = C70348432A2498570062FD6E /* CountdownModel.swift */; };
		C70348462A2499110062FD6E /* StartButton.swift in Sources */ = {isa = PBXBuildFile; fileRef = C70348452A2499110062FD6E /* StartButton.swift */; };
		C70348492A2499830062FD6E /* Color.swift in Sources */ = {isa = PBXBuildFile; fileRef = C70348482A2499830062FD6E /* Color.swift */; };
		C703484B2A2499C10062FD6E /* StartHome.swift in Sources */ = {isa = PBXBuildFile; fileRef = C703484A2A2499C10062FD6E /* StartHome.swift */; };
		C703484E2A2499F80062FD6E /* Separator.swift in Sources */ = {isa = PBXBuildFile; fileRef = C703484D2A2499F80062FD6E /* Separator.swift */; };
		C72524362A24AA8E0022680F /* BLEController.swift in Sources */ = {isa = PBXBuildFile; fileRef = C72524352A24AA8E0022680F /* BLEController.swift */; };
		C72524382A24AD950022680F /* RTSensor.swift in Sources */ = {isa = PBXBuildFile; fileRef = C72524372A24AD950022680F /* RTSensor.swift */; };
		C725243A2A24AF0C0022680F /* BTSensors.swift in Sources */ = {isa = PBXBuildFile; fileRef = C72524392A24AF0C0022680F /* BTSensors.swift */; };
		C725243C2A24F2F30022680F /* Settings.bundle in Resources */ = {isa = PBXBuildFile; fileRef = C725243B2A24F2F30022680F /* Settings.bundle */; };
		C79FB35D2A248DF100FEFD59 /* KronometerApp.swift in Sources */ = {isa = PBXBuildFile; fileRef = C79FB35C2A248DF100FEFD59 /* KronometerApp.swift */; };
		C79FB35F2A248DF100FEFD59 /* ContentView.swift in Sources */ = {isa = PBXBuildFile; fileRef = C79FB35E2A248DF100FEFD59 /* ContentView.swift */; };
		C79FB3612A248DF200FEFD59 /* Assets.xcassets in Resources */ = {isa = PBXBuildFile; fileRef = C79FB3602A248DF200FEFD59 /* Assets.xcassets */; };
		C79FB3642A248DF200FEFD59 /* Preview Assets.xcassets in Resources */ = {isa = PBXBuildFile; fileRef = C79FB3632A248DF200FEFD59 /* Preview Assets.xcassets */; };
/* End PBXBuildFile section */

/* Begin PBXFileReference section */
		C70348402A2498080062FD6E /* Countdown.swift */ = {isa = PBXFileReference; lastKnownFileType = sourcecode.swift; path = Countdown.swift; sourceTree = "<group>"; };
		C70348432A2498570062FD6E /* CountdownModel.swift */ = {isa = PBXFileReference; lastKnownFileType = sourcecode.swift; path = CountdownModel.swift; sourceTree = "<group>"; };
		C70348452A2499110062FD6E /* StartButton.swift */ = {isa = PBXFileReference; lastKnownFileType = sourcecode.swift; path = StartButton.swift; sourceTree = "<group>"; };
		C70348482A2499830062FD6E /* Color.swift */ = {isa = PBXFileReference; lastKnownFileType = sourcecode.swift; path = Color.swift; sourceTree = "<group>"; };
		C703484A2A2499C10062FD6E /* StartHome.swift */ = {isa = PBXFileReference; lastKnownFileType = sourcecode.swift; path = StartHome.swift; sourceTree = "<group>"; };
		C703484D2A2499F80062FD6E /* Separator.swift */ = {isa = PBXFileReference; lastKnownFileType = sourcecode.swift; path = Separator.swift; sourceTree = "<group>"; };
		C72524352A24AA8E0022680F /* BLEController.swift */ = {isa = PBXFileReference; lastKnownFileType = sourcecode.swift; path = BLEController.swift; sourceTree = "<group>"; };
		C72524372A24AD950022680F /* RTSensor.swift */ = {isa = PBXFileReference; lastKnownFileType = sourcecode.swift; path = RTSensor.swift; sourceTree = "<group>"; };
		C72524392A24AF0C0022680F /* BTSensors.swift */ = {isa = PBXFileReference; lastKnownFileType = sourcecode.swift; path = BTSensors.swift; sourceTree = "<group>"; };
		C725243B2A24F2F30022680F /* Settings.bundle */ = {isa = PBXFileReference; lastKnownFileType = "wrapper.plug-in"; path = Settings.bundle; sourceTree = "<group>"; };
		C79FB3592A248DF100FEFD59 /* Kronometer.app */ = {isa = PBXFileReference; explicitFileType = wrapper.application; includeInIndex = 0; path = Kronometer.app; sourceTree = BUILT_PRODUCTS_DIR; };
		C79FB35C2A248DF100FEFD59 /* KronometerApp.swift */ = {isa = PBXFileReference; lastKnownFileType = sourcecode.swift; path = KronometerApp.swift; sourceTree = "<group>"; };
		C79FB35E2A248DF100FEFD59 /* ContentView.swift */ = {isa = PBXFileReference; lastKnownFileType = sourcecode.swift; path = ContentView.swift; sourceTree = "<group>"; };
		C79FB3602A248DF200FEFD59 /* Assets.xcassets */ = {isa = PBXFileReference; lastKnownFileType = folder.assetcatalog; path = Assets.xcassets; sourceTree = "<group>"; };
		C79FB3632A248DF200FEFD59 /* Preview Assets.xcassets */ = {isa = PBXFileReference; lastKnownFileType = folder.assetcatalog; path = "Preview Assets.xcassets"; sourceTree = "<group>"; };
/* End PBXFileReference section */

/* Begin PBXFrameworksBuildPhase section */
		C79FB3562A248DF100FEFD59 /* Frameworks */ = {
			isa = PBXFrameworksBuildPhase;
			buildActionMask = 2147483647;
			files = (
			);
			runOnlyForDeploymentPostprocessing = 0;
		};
/* End PBXFrameworksBuildPhase section */

/* Begin PBXGroup section */
		C703483E2A2497BE0062FD6E /* Views */ = {
			isa = PBXGroup;
			children = (
				C703483F2A2497CA0062FD6E /* Start */,
			);
			path = Views;
			sourceTree = "<group>";
		};
		C703483F2A2497CA0062FD6E /* Start */ = {
			isa = PBXGroup;
			children = (
				C70348402A2498080062FD6E /* Countdown.swift */,
				C70348452A2499110062FD6E /* StartButton.swift */,
				C703484A2A2499C10062FD6E /* StartHome.swift */,
				C703484D2A2499F80062FD6E /* Separator.swift */,
				C72524392A24AF0C0022680F /* BTSensors.swift */,
			);
			path = Start;
			sourceTree = "<group>";
		};
		C70348422A24982B0062FD6E /* Models */ = {
			isa = PBXGroup;
			children = (
				C70348432A2498570062FD6E /* CountdownModel.swift */,
			);
			path = Models;
			sourceTree = "<group>";
		};
		C70348472A2499760062FD6E /* Extensions */ = {
			isa = PBXGroup;
			children = (
				C70348482A2499830062FD6E /* Color.swift */,
			);
			path = Extensions;
			sourceTree = "<group>";
		};
		C79FB3502A248DF100FEFD59 = {
			isa = PBXGroup;
			children = (
				C79FB35B2A248DF100FEFD59 /* Kronometer */,
				C79FB35A2A248DF100FEFD59 /* Products */,
			);
			sourceTree = "<group>";
		};
		C79FB35A2A248DF100FEFD59 /* Products */ = {
			isa = PBXGroup;
			children = (
				C79FB3592A248DF100FEFD59 /* Kronometer.app */,
			);
			name = Products;
			sourceTree = "<group>";
		};
		C79FB35B2A248DF100FEFD59 /* Kronometer */ = {
			isa = PBXGroup;
			children = (
				C70348472A2499760062FD6E /* Extensions */,
				C703483E2A2497BE0062FD6E /* Views */,
				C70348422A24982B0062FD6E /* Models */,
				C79FB35C2A248DF100FEFD59 /* KronometerApp.swift */,
				C79FB35E2A248DF100FEFD59 /* ContentView.swift */,
				C79FB3602A248DF200FEFD59 /* Assets.xcassets */,
				C79FB3622A248DF200FEFD59 /* Preview Content */,
				C72524352A24AA8E0022680F /* BLEController.swift */,
				C72524372A24AD950022680F /* RTSensor.swift */,
				C725243B2A24F2F30022680F /* Settings.bundle */,
			);
			path = Kronometer;
			sourceTree = "<group>";
		};
		C79FB3622A248DF200FEFD59 /* Preview Content */ = {
			isa = PBXGroup;
			children = (
				C79FB3632A248DF200FEFD59 /* Preview Assets.xcassets */,
			);
			path = "Preview Content";
			sourceTree = "<group>";
		};
/* End PBXGroup section */

/* Begin PBXNativeTarget section */
		C79FB3582A248DF100FEFD59 /* Kronometer */ = {
			isa = PBXNativeTarget;
			buildConfigurationList = C79FB3672A248DF200FEFD59 /* Build configuration list for PBXNativeTarget "Kronometer" */;
			buildPhases = (
				C79FB3552A248DF100FEFD59 /* Sources */,
				C79FB3562A248DF100FEFD59 /* Frameworks */,
				C79FB3572A248DF100FEFD59 /* Resources */,
			);
			buildRules = (
			);
			dependencies = (
			);
			name = Kronometer;
			productName = Kronometer;
			productReference = C79FB3592A248DF100FEFD59 /* Kronometer.app */;
			productType = "com.apple.product-type.application";
		};
/* End PBXNativeTarget section */

/* Begin PBXProject section */
		C79FB3512A248DF100FEFD59 /* Project object */ = {
			isa = PBXProject;
			attributes = {
				BuildIndependentTargetsInParallel = 1;
				LastSwiftUpdateCheck = 1430;
				LastUpgradeCheck = 1430;
				TargetAttributes = {
					C79FB3582A248DF100FEFD59 = {
						CreatedOnToolsVersion = 14.3;
					};
				};
			};
			buildConfigurationList = C79FB3542A248DF100FEFD59 /* Build configuration list for PBXProject "Kronometer" */;
			compatibilityVersion = "Xcode 14.0";
			developmentRegion = en;
			hasScannedForEncodings = 0;
			knownRegions = (
				en,
				Base,
			);
			mainGroup = C79FB3502A248DF100FEFD59;
			productRefGroup = C79FB35A2A248DF100FEFD59 /* Products */;
			projectDirPath = "";
			projectRoot = "";
			targets = (
				C79FB3582A248DF100FEFD59 /* Kronometer */,
			);
		};
/* End PBXProject section */

/* Begin PBXResourcesBuildPhase section */
		C79FB3572A248DF100FEFD59 /* Resources */ = {
			isa = PBXResourcesBuildPhase;
			buildActionMask = 2147483647;
			files = (
				C79FB3642A248DF200FEFD59 /* Preview Assets.xcassets in Resources */,
				C725243C2A24F2F30022680F /* Settings.bundle in Resources */,
				C79FB3612A248DF200FEFD59 /* Assets.xcassets in Resources */,
			);
			runOnlyForDeploymentPostprocessing = 0;
		};
/* End PBXResourcesBuildPhase section */

/* Begin PBXSourcesBuildPhase section */
		C79FB3552A248DF100FEFD59 /* Sources */ = {
			isa = PBXSourcesBuildPhase;
			buildActionMask = 2147483647;
			files = (
				C703484B2A2499C10062FD6E /* StartHome.swift in Sources */,
				C79FB35F2A248DF100FEFD59 /* ContentView.swift in Sources */,
				C70348442A2498570062FD6E /* CountdownModel.swift in Sources */,
				C72524382A24AD950022680F /* RTSensor.swift in Sources */,
				C703484E2A2499F80062FD6E /* Separator.swift in Sources */,
				C70348462A2499110062FD6E /* StartButton.swift in Sources */,
				C72524362A24AA8E0022680F /* BLEController.swift in Sources */,
				C725243A2A24AF0C0022680F /* BTSensors.swift in Sources */,
				C79FB35D2A248DF100FEFD59 /* KronometerApp.swift in Sources */,
				C70348412A2498080062FD6E /* Countdown.swift in Sources */,
				C70348492A2499830062FD6E /* Color.swift in Sources */,
			);
			runOnlyForDeploymentPostprocessing = 0;
		};
/* End PBXSourcesBuildPhase section */

/* Begin XCBuildConfiguration section */
		C79FB3652A248DF200FEFD59 /* Debug */ = {
			isa = XCBuildConfiguration;
			buildSettings = {
				ALWAYS_SEARCH_USER_PATHS = NO;
				CLANG_ANALYZER_NONNULL = YES;
				CLANG_ANALYZER_NUMBER_OBJECT_CONVERSION = YES_AGGRESSIVE;
				CLANG_CXX_LANGUAGE_STANDARD = "gnu++20";
				CLANG_ENABLE_MODULES = YES;
				CLANG_ENABLE_OBJC_ARC = YES;
				CLANG_ENABLE_OBJC_WEAK = YES;
				CLANG_WARN_BLOCK_CAPTURE_AUTORELEASING = YES;
				CLANG_WARN_BOOL_CONVERSION = YES;
				CLANG_WARN_COMMA = YES;
				CLANG_WARN_CONSTANT_CONVERSION = YES;
				CLANG_WARN_DEPRECATED_OBJC_IMPLEMENTATIONS = YES;
				CLANG_WARN_DIRECT_OBJC_ISA_USAGE = YES_ERROR;
				CLANG_WARN_DOCUMENTATION_COMMENTS = YES;
				CLANG_WARN_EMPTY_BODY = YES;
				CLANG_WARN_ENUM_CONVERSION = YES;
				CLANG_WARN_INFINITE_RECURSION = YES;
				CLANG_WARN_INT_CONVERSION = YES;
				CLANG_WARN_NON_LITERAL_NULL_CONVERSION = YES;
				CLANG_WARN_OBJC_IMPLICIT_RETAIN_SELF = YES;
				CLANG_WARN_OBJC_LITERAL_CONVERSION = YES;
				CLANG_WARN_OBJC_ROOT_CLASS = YES_ERROR;
				CLANG_WARN_QUOTED_INCLUDE_IN_FRAMEWORK_HEADER = YES;
				CLANG_WARN_RANGE_LOOP_ANALYSIS = YES;
				CLANG_WARN_STRICT_PROTOTYPES = YES;
				CLANG_WARN_SUSPICIOUS_MOVE = YES;
				CLANG_WARN_UNGUARDED_AVAILABILITY = YES_AGGRESSIVE;
				CLANG_WARN_UNREACHABLE_CODE = YES;
				CLANG_WARN__DUPLICATE_METHOD_MATCH = YES;
				COPY_PHASE_STRIP = NO;
				DEBUG_INFORMATION_FORMAT = dwarf;
				ENABLE_STRICT_OBJC_MSGSEND = YES;
				ENABLE_TESTABILITY = YES;
				GCC_C_LANGUAGE_STANDARD = gnu11;
				GCC_DYNAMIC_NO_PIC = NO;
				GCC_NO_COMMON_BLOCKS = YES;
				GCC_OPTIMIZATION_LEVEL = 0;
				GCC_PREPROCESSOR_DEFINITIONS = (
					"DEBUG=1",
					"$(inherited)",
				);
				GCC_WARN_64_TO_32_BIT_CONVERSION = YES;
				GCC_WARN_ABOUT_RETURN_TYPE = YES_ERROR;
				GCC_WARN_UNDECLARED_SELECTOR = YES;
				GCC_WARN_UNINITIALIZED_AUTOS = YES_AGGRESSIVE;
				GCC_WARN_UNUSED_FUNCTION = YES;
				GCC_WARN_UNUSED_VARIABLE = YES;
				IPHONEOS_DEPLOYMENT_TARGET = 16.4;
				MTL_ENABLE_DEBUG_INFO = INCLUDE_SOURCE;
				MTL_FAST_MATH = YES;
				ONLY_ACTIVE_ARCH = YES;
				SDKROOT = iphoneos;
				SWIFT_ACTIVE_COMPILATION_CONDITIONS = DEBUG;
				SWIFT_OPTIMIZATION_LEVEL = "-Onone";
			};
			name = Debug;
		};
		C79FB3662A248DF200FEFD59 /* Release */ = {
			isa = XCBuildConfiguration;
			buildSettings = {
				ALWAYS_SEARCH_USER_PATHS = NO;
				CLANG_ANALYZER_NONNULL = YES;
				CLANG_ANALYZER_NUMBER_OBJECT_CONVERSION = YES_AGGRESSIVE;
				CLANG_CXX_LANGUAGE_STANDARD = "gnu++20";
				CLANG_ENABLE_MODULES = YES;
				CLANG_ENABLE_OBJC_ARC = YES;
				CLANG_ENABLE_OBJC_WEAK = YES;
				CLANG_WARN_BLOCK_CAPTURE_AUTORELEASING = YES;
				CLANG_WARN_BOOL_CONVERSION = YES;
				CLANG_WARN_COMMA = YES;
				CLANG_WARN_CONSTANT_CONVERSION = YES;
				CLANG_WARN_DEPRECATED_OBJC_IMPLEMENTATIONS = YES;
				CLANG_WARN_DIRECT_OBJC_ISA_USAGE = YES_ERROR;
				CLANG_WARN_DOCUMENTATION_COMMENTS = YES;
				CLANG_WARN_EMPTY_BODY = YES;
				CLANG_WARN_ENUM_CONVERSION = YES;
				CLANG_WARN_INFINITE_RECURSION = YES;
				CLANG_WARN_INT_CONVERSION = YES;
				CLANG_WARN_NON_LITERAL_NULL_CONVERSION = YES;
				CLANG_WARN_OBJC_IMPLICIT_RETAIN_SELF = YES;
				CLANG_WARN_OBJC_LITERAL_CONVERSION = YES;
				CLANG_WARN_OBJC_ROOT_CLASS = YES_ERROR;
				CLANG_WARN_QUOTED_INCLUDE_IN_FRAMEWORK_HEADER = YES;
				CLANG_WARN_RANGE_LOOP_ANALYSIS = YES;
				CLANG_WARN_STRICT_PROTOTYPES = YES;
				CLANG_WARN_SUSPICIOUS_MOVE = YES;
				CLANG_WARN_UNGUARDED_AVAILABILITY = YES_AGGRESSIVE;
				CLANG_WARN_UNREACHABLE_CODE = YES;
				CLANG_WARN__DUPLICATE_METHOD_MATCH = YES;
				COPY_PHASE_STRIP = NO;
				DEBUG_INFORMATION_FORMAT = "dwarf-with-dsym";
				ENABLE_NS_ASSERTIONS = NO;
				ENABLE_STRICT_OBJC_MSGSEND = YES;
				GCC_C_LANGUAGE_STANDARD = gnu11;
				GCC_NO_COMMON_BLOCKS = YES;
				GCC_WARN_64_TO_32_BIT_CONVERSION = YES;
				GCC_WARN_ABOUT_RETURN_TYPE = YES_ERROR;
				GCC_WARN_UNDECLARED_SELECTOR = YES;
				GCC_WARN_UNINITIALIZED_AUTOS = YES_AGGRESSIVE;
				GCC_WARN_UNUSED_FUNCTION = YES;
				GCC_WARN_UNUSED_VARIABLE = YES;
				IPHONEOS_DEPLOYMENT_TARGET = 16.4;
				MTL_ENABLE_DEBUG_INFO = NO;
				MTL_FAST_MATH = YES;
				SDKROOT = iphoneos;
				SWIFT_COMPILATION_MODE = wholemodule;
				SWIFT_OPTIMIZATION_LEVEL = "-O";
				VALIDATE_PRODUCT = YES;
			};
			name = Release;
		};
		C79FB3682A248DF200FEFD59 /* Debug */ = {
			isa = XCBuildConfiguration;
			buildSettings = {
				ASSETCATALOG_COMPILER_APPICON_NAME = AppIcon;
				ASSETCATALOG_COMPILER_GLOBAL_ACCENT_COLOR_NAME = AccentColor;
				CODE_SIGN_STYLE = Automatic;
				CURRENT_PROJECT_VERSION = 1;
				DEVELOPMENT_ASSET_PATHS = "\"Kronometer/Preview Content\"";
				DEVELOPMENT_TEAM = 8AWHVW9A5C;
				ENABLE_PREVIEWS = YES;
				GENERATE_INFOPLIST_FILE = YES;
				INFOPLIST_FILE = Kronometer/Info.plist;
				INFOPLIST_KEY_NSBluetoothAlwaysUsageDescription = "App uses bluetooth to connect to sensor";
				INFOPLIST_KEY_UIApplicationSceneManifest_Generation = YES;
				INFOPLIST_KEY_UIApplicationSupportsIndirectInputEvents = YES;
				INFOPLIST_KEY_UILaunchScreen_Generation = YES;
				INFOPLIST_KEY_UISupportedInterfaceOrientations_iPad = "UIInterfaceOrientationPortrait UIInterfaceOrientationPortraitUpsideDown UIInterfaceOrientationLandscapeLeft UIInterfaceOrientationLandscapeRight";
				INFOPLIST_KEY_UISupportedInterfaceOrientations_iPhone = "UIInterfaceOrientationPortrait UIInterfaceOrientationLandscapeLeft UIInterfaceOrientationLandscapeRight";
				LD_RUNPATH_SEARCH_PATHS = (
					"$(inherited)",
					"@executable_path/Frameworks",
				);
				MARKETING_VERSION = 1.0;
				PRODUCT_BUNDLE_IDENTIFIER = net.staric.Kronometer;
				PRODUCT_NAME = "$(TARGET_NAME)";
				SWIFT_EMIT_LOC_STRINGS = YES;
				SWIFT_VERSION = 5.0;
				TARGETED_DEVICE_FAMILY = "1,2";
			};
			name = Debug;
		};
		C79FB3692A248DF200FEFD59 /* Release */ = {
			isa = XCBuildConfiguration;
			buildSettings = {
				ASSETCATALOG_COMPILER_APPICON_NAME = AppIcon;
				ASSETCATALOG_COMPILER_GLOBAL_ACCENT_COLOR_NAME = AccentColor;
				CODE_SIGN_STYLE = Automatic;
				CURRENT_PROJECT_VERSION = 1;
				DEVELOPMENT_ASSET_PATHS = "\"Kronometer/Preview Content\"";
				DEVELOPMENT_TEAM = 8AWHVW9A5C;
				ENABLE_PREVIEWS = YES;
				GENERATE_INFOPLIST_FILE = YES;
				INFOPLIST_FILE = Kronometer/Info.plist;
				INFOPLIST_KEY_NSBluetoothAlwaysUsageDescription = "App uses bluetooth to connect to sensor";
				INFOPLIST_KEY_UIApplicationSceneManifest_Generation = YES;
				INFOPLIST_KEY_UIApplicationSupportsIndirectInputEvents = YES;
				INFOPLIST_KEY_UILaunchScreen_Generation = YES;
				INFOPLIST_KEY_UISupportedInterfaceOrientations_iPad = "UIInterfaceOrientationPortrait UIInterfaceOrientationPortraitUpsideDown UIInterfaceOrientationLandscapeLeft UIInterfaceOrientationLandscapeRight";
				INFOPLIST_KEY_UISupportedInterfaceOrientations_iPhone = "UIInterfaceOrientationPortrait UIInterfaceOrientationLandscapeLeft UIInterfaceOrientationLandscapeRight";
				LD_RUNPATH_SEARCH_PATHS = (
					"$(inherited)",
					"@executable_path/Frameworks",
				);
				MARKETING_VERSION = 1.0;
				PRODUCT_BUNDLE_IDENTIFIER = net.staric.Kronometer;
				PRODUCT_NAME = "$(TARGET_NAME)";
				SWIFT_EMIT_LOC_STRINGS = YES;
				SWIFT_VERSION = 5.0;
				TARGETED_DEVICE_FAMILY = "1,2";
			};
			name = Release;
		};
/* End XCBuildConfiguration section */

/* Begin XCConfigurationList section */
		C79FB3542A248DF100FEFD59 /* Build configuration list for PBXProject "Kronometer" */ = {
			isa = XCConfigurationList;
			buildConfigurations = (
				C79FB3652A248DF200FEFD59 /* Debug */,
				C79FB3662A248DF200FEFD59 /* Release */,
			);
			defaultConfigurationIsVisible = 0;
			defaultConfigurationName = Release;
		};
		C79FB3672A248DF200FEFD59 /* Build configuration list for PBXNativeTarget "Kronometer" */ = {
			isa = XCConfigurationList;
			buildConfigurations = (
				C79FB3682A248DF200FEFD59 /* Debug */,
				C79FB3692A248DF200FEFD59 /* Release */,
			);
			defaultConfigurationIsVisible = 0;
			defaultConfigurationName = Release;
		};
/* End XCConfigurationList section */
	};
	rootObject = C79FB3512A248DF100FEFD59 /* Project object */;
}
