// !$*UTF8*$!
{
	archiveVersion = 1;
	classes = {
	};
	objectVersion = 56;
	objects = {

/* Begin PBXBuildFile section */
		C7015CDF2A27526000D1F120 /* StartList.swift in Sources */ = {isa = PBXBuildFile; fileRef = C7015CDE2A27526000D1F120 /* StartList.swift */; };
		C7015CE32A27754D00D1F120 /* BikerListItem.swift in Sources */ = {isa = PBXBuildFile; fileRef = C7015CE22A27754D00D1F120 /* BikerListItem.swift */; };
		C70348412A2498080062FD6E /* Countdown.swift in Sources */ = {isa = PBXBuildFile; fileRef = C70348402A2498080062FD6E /* Countdown.swift */; };
		C70348442A2498570062FD6E /* CountdownCounter.swift in Sources */ = {isa = PBXBuildFile; fileRef = C70348432A2498570062FD6E /* CountdownCounter.swift */; };
		C703484B2A2499C10062FD6E /* StartHome.swift in Sources */ = {isa = PBXBuildFile; fileRef = C703484A2A2499C10062FD6E /* StartHome.swift */; };
		C72524362A24AA8E0022680F /* SensorController.swift in Sources */ = {isa = PBXBuildFile; fileRef = C72524352A24AA8E0022680F /* SensorController.swift */; };
		C725243C2A24F2F30022680F /* Settings.bundle in Resources */ = {isa = PBXBuildFile; fileRef = C725243B2A24F2F30022680F /* Settings.bundle */; };
		C74906702C12E5C6001D409B /* Utils.swift in Sources */ = {isa = PBXBuildFile; fileRef = C749066F2C12E5C6001D409B /* Utils.swift */; };
		C74906722C12E640001D409B /* Biker.swift in Sources */ = {isa = PBXBuildFile; fileRef = C74906712C12E640001D409B /* Biker.swift */; };
		C7804D362A2794D30060CBC7 /* SensorSettings.swift in Sources */ = {isa = PBXBuildFile; fileRef = C7804D352A2794D30060CBC7 /* SensorSettings.swift */; };
		C7804D382A27956F0060CBC7 /* UpdateLog.swift in Sources */ = {isa = PBXBuildFile; fileRef = C7804D372A27956F0060CBC7 /* UpdateLog.swift */; };
		C796F58D2C1436DC005BCFCA /* BluetoothStatus.swift in Sources */ = {isa = PBXBuildFile; fileRef = C796F58C2C1436DC005BCFCA /* BluetoothStatus.swift */; };
		C796F58F2C145EB9005BCFCA /* ApiTests.swift in Sources */ = {isa = PBXBuildFile; fileRef = C796F58E2C145EB9005BCFCA /* ApiTests.swift */; };
		C796F5902C145FF7005BCFCA /* ApiService.swift in Sources */ = {isa = PBXBuildFile; fileRef = C7A8DFEC2A39CEE500F931C5 /* ApiService.swift */; };
		C796F5922C147BEB005BCFCA /* FinishHome.swift in Sources */ = {isa = PBXBuildFile; fileRef = C796F5912C147BEB005BCFCA /* FinishHome.swift */; };
		C79E21392C1421BF00EACF55 /* Utils.swift in Sources */ = {isa = PBXBuildFile; fileRef = C749066F2C12E5C6001D409B /* Utils.swift */; };
		C79E214F2C14221200EACF55 /* UtilTests.swift in Sources */ = {isa = PBXBuildFile; fileRef = C79E21312C141F4700EACF55 /* UtilTests.swift */; };
		C79FB35D2A248DF100FEFD59 /* KronometerApp.swift in Sources */ = {isa = PBXBuildFile; fileRef = C79FB35C2A248DF100FEFD59 /* KronometerApp.swift */; };
		C79FB35F2A248DF100FEFD59 /* MainView.swift in Sources */ = {isa = PBXBuildFile; fileRef = C79FB35E2A248DF100FEFD59 /* MainView.swift */; };
		C79FB3612A248DF200FEFD59 /* Assets.xcassets in Resources */ = {isa = PBXBuildFile; fileRef = C79FB3602A248DF200FEFD59 /* Assets.xcassets */; };
		C79FB3642A248DF200FEFD59 /* Preview Assets.xcassets in Resources */ = {isa = PBXBuildFile; fileRef = C79FB3632A248DF200FEFD59 /* Preview Assets.xcassets */; };
		C7A8DFBC2A38520F00F931C5 /* BikerList.swift in Sources */ = {isa = PBXBuildFile; fileRef = C7A8DFBB2A38520F00F931C5 /* BikerList.swift */; };
		C7A8DFBE2A38526200F931C5 /* SensorEvents.swift in Sources */ = {isa = PBXBuildFile; fileRef = C7A8DFBD2A38526200F931C5 /* SensorEvents.swift */; };
		C7A8DFE72A3996B100F931C5 /* AddEvent.swift in Sources */ = {isa = PBXBuildFile; fileRef = C7A8DFE62A3996B100F931C5 /* AddEvent.swift */; };
		C7A8DFED2A39CEE500F931C5 /* ApiService.swift in Sources */ = {isa = PBXBuildFile; fileRef = C7A8DFEC2A39CEE500F931C5 /* ApiService.swift */; };
		C7C26CA62C12F667002C32F4 /* BikerStore.swift in Sources */ = {isa = PBXBuildFile; fileRef = C7C26CA52C12F667002C32F4 /* BikerStore.swift */; };
		C7CABDFE2DAD01C500D2D1A8 /* KeychainManager.swift in Sources */ = {isa = PBXBuildFile; fileRef = C7CABDFD2DAD01BD00D2D1A8 /* KeychainManager.swift */; };
		C7CABE092DAE9E8100D2D1A8 /* AuthService.swift in Sources */ = {isa = PBXBuildFile; fileRef = C7CABE082DAE9E7B00D2D1A8 /* AuthService.swift */; };
		C7CABE0A2DAE9E8100D2D1A8 /* AuthService.swift in Sources */ = {isa = PBXBuildFile; fileRef = C7CABE082DAE9E7B00D2D1A8 /* AuthService.swift */; };
		C7CABE0C2DAEA12000D2D1A8 /* Secrets.xcconfig in Resources */ = {isa = PBXBuildFile; fileRef = C7CABE0B2DAEA11200D2D1A8 /* Secrets.xcconfig */; };
		C7CABE102DAF7FC900D2D1A8 /* ApiManager.swift in Sources */ = {isa = PBXBuildFile; fileRef = C7CABE0F2DAF7FC500D2D1A8 /* ApiManager.swift */; };
		C7CABE112DAF7FC900D2D1A8 /* ApiManager.swift in Sources */ = {isa = PBXBuildFile; fileRef = C7CABE0F2DAF7FC500D2D1A8 /* ApiManager.swift */; };
		C7CABE192DAFEDDC00D2D1A8 /* Localizable.xcstrings in Resources */ = {isa = PBXBuildFile; fileRef = C7CABE182DAFEDDC00D2D1A8 /* Localizable.xcstrings */; };
		C7EEC4052C1C26D200EA551E /* AnimatedButton.swift in Sources */ = {isa = PBXBuildFile; fileRef = C7EEC4042C1C26D200EA551E /* AnimatedButton.swift */; };
		C7EEC4072C1CA11000EA551E /* Settings.swift in Sources */ = {isa = PBXBuildFile; fileRef = C7EEC4062C1CA11000EA551E /* Settings.swift */; };
/* End PBXBuildFile section */

/* Begin PBXContainerItemProxy section */
		C79E21372C1421BF00EACF55 /* PBXContainerItemProxy */ = {
			isa = PBXContainerItemProxy;
			containerPortal = C79FB3512A248DF100FEFD59 /* Project object */;
			proxyType = 1;
			remoteGlobalIDString = C79FB3582A248DF100FEFD59;
			remoteInfo = Kronometer;
		};
/* End PBXContainerItemProxy section */

/* Begin PBXFileReference section */
		C7015CDE2A27526000D1F120 /* StartList.swift */ = {isa = PBXFileReference; lastKnownFileType = sourcecode.swift; path = StartList.swift; sourceTree = "<group>"; };
		C7015CE22A27754D00D1F120 /* BikerListItem.swift */ = {isa = PBXFileReference; lastKnownFileType = sourcecode.swift; path = BikerListItem.swift; sourceTree = "<group>"; };
		C70348402A2498080062FD6E /* Countdown.swift */ = {isa = PBXFileReference; lastKnownFileType = sourcecode.swift; path = Countdown.swift; sourceTree = "<group>"; };
		C70348432A2498570062FD6E /* CountdownCounter.swift */ = {isa = PBXFileReference; lastKnownFileType = sourcecode.swift; path = CountdownCounter.swift; sourceTree = "<group>"; };
		C703484A2A2499C10062FD6E /* StartHome.swift */ = {isa = PBXFileReference; lastKnownFileType = sourcecode.swift; path = StartHome.swift; sourceTree = "<group>"; };
		C72524352A24AA8E0022680F /* SensorController.swift */ = {isa = PBXFileReference; lastKnownFileType = sourcecode.swift; path = SensorController.swift; sourceTree = "<group>"; };
		C725243B2A24F2F30022680F /* Settings.bundle */ = {isa = PBXFileReference; lastKnownFileType = "wrapper.plug-in"; path = Settings.bundle; sourceTree = "<group>"; };
		C749066F2C12E5C6001D409B /* Utils.swift */ = {isa = PBXFileReference; lastKnownFileType = sourcecode.swift; path = Utils.swift; sourceTree = "<group>"; };
		C74906712C12E640001D409B /* Biker.swift */ = {isa = PBXFileReference; lastKnownFileType = sourcecode.swift; path = Biker.swift; sourceTree = "<group>"; };
		C7804D352A2794D30060CBC7 /* SensorSettings.swift */ = {isa = PBXFileReference; lastKnownFileType = sourcecode.swift; path = SensorSettings.swift; sourceTree = "<group>"; };
		C7804D372A27956F0060CBC7 /* UpdateLog.swift */ = {isa = PBXFileReference; lastKnownFileType = sourcecode.swift; path = UpdateLog.swift; sourceTree = "<group>"; };
		C796F58C2C1436DC005BCFCA /* BluetoothStatus.swift */ = {isa = PBXFileReference; lastKnownFileType = sourcecode.swift; path = BluetoothStatus.swift; sourceTree = "<group>"; };
		C796F58E2C145EB9005BCFCA /* ApiTests.swift */ = {isa = PBXFileReference; lastKnownFileType = sourcecode.swift; path = ApiTests.swift; sourceTree = "<group>"; };
		C796F5912C147BEB005BCFCA /* FinishHome.swift */ = {isa = PBXFileReference; lastKnownFileType = sourcecode.swift; path = FinishHome.swift; sourceTree = "<group>"; };
		C79E21312C141F4700EACF55 /* UtilTests.swift */ = {isa = PBXFileReference; lastKnownFileType = sourcecode.swift; path = UtilTests.swift; sourceTree = "<group>"; };
		C79E21402C1421BF00EACF55 /* KronometerTests.xctest */ = {isa = PBXFileReference; explicitFileType = wrapper.cfbundle; includeInIndex = 0; path = KronometerTests.xctest; sourceTree = BUILT_PRODUCTS_DIR; };
		C79E21502C14225A00EACF55 /* TestPlan.xctestplan */ = {isa = PBXFileReference; lastKnownFileType = text; path = TestPlan.xctestplan; sourceTree = "<group>"; };
		C79FB3592A248DF100FEFD59 /* Kronometer.app */ = {isa = PBXFileReference; explicitFileType = wrapper.application; includeInIndex = 0; path = Kronometer.app; sourceTree = BUILT_PRODUCTS_DIR; };
		C79FB35C2A248DF100FEFD59 /* KronometerApp.swift */ = {isa = PBXFileReference; lastKnownFileType = sourcecode.swift; path = KronometerApp.swift; sourceTree = "<group>"; };
		C79FB35E2A248DF100FEFD59 /* MainView.swift */ = {isa = PBXFileReference; lastKnownFileType = sourcecode.swift; path = MainView.swift; sourceTree = "<group>"; };
		C79FB3602A248DF200FEFD59 /* Assets.xcassets */ = {isa = PBXFileReference; lastKnownFileType = folder.assetcatalog; path = Assets.xcassets; sourceTree = "<group>"; };
		C79FB3632A248DF200FEFD59 /* Preview Assets.xcassets */ = {isa = PBXFileReference; lastKnownFileType = folder.assetcatalog; path = "Preview Assets.xcassets"; sourceTree = "<group>"; };
		C7A8DFBB2A38520F00F931C5 /* BikerList.swift */ = {isa = PBXFileReference; lastKnownFileType = sourcecode.swift; path = BikerList.swift; sourceTree = "<group>"; };
		C7A8DFBD2A38526200F931C5 /* SensorEvents.swift */ = {isa = PBXFileReference; lastKnownFileType = sourcecode.swift; path = SensorEvents.swift; sourceTree = "<group>"; };
		C7A8DFE62A3996B100F931C5 /* AddEvent.swift */ = {isa = PBXFileReference; lastKnownFileType = sourcecode.swift; path = AddEvent.swift; sourceTree = "<group>"; };
		C7A8DFEC2A39CEE500F931C5 /* ApiService.swift */ = {isa = PBXFileReference; lastKnownFileType = sourcecode.swift; path = ApiService.swift; sourceTree = "<group>"; };
		C7C26CA52C12F667002C32F4 /* BikerStore.swift */ = {isa = PBXFileReference; lastKnownFileType = sourcecode.swift; path = BikerStore.swift; sourceTree = "<group>"; };
		C7CABDFD2DAD01BD00D2D1A8 /* KeychainManager.swift */ = {isa = PBXFileReference; lastKnownFileType = sourcecode.swift; path = KeychainManager.swift; sourceTree = "<group>"; };
		C7CABE082DAE9E7B00D2D1A8 /* AuthService.swift */ = {isa = PBXFileReference; lastKnownFileType = sourcecode.swift; path = AuthService.swift; sourceTree = "<group>"; };
		C7CABE0B2DAEA11200D2D1A8 /* Secrets.xcconfig */ = {isa = PBXFileReference; lastKnownFileType = text.xcconfig; path = Secrets.xcconfig; sourceTree = "<group>"; };
		C7CABE0D2DAEA31900D2D1A8 /* Info.plist */ = {isa = PBXFileReference; lastKnownFileType = text.plist.xml; path = Info.plist; sourceTree = "<group>"; };
		C7CABE0F2DAF7FC500D2D1A8 /* ApiManager.swift */ = {isa = PBXFileReference; lastKnownFileType = sourcecode.swift; path = ApiManager.swift; sourceTree = "<group>"; };
		C7CABE182DAFEDDC00D2D1A8 /* Localizable.xcstrings */ = {isa = PBXFileReference; lastKnownFileType = text.json.xcstrings; path = Localizable.xcstrings; sourceTree = "<group>"; };
		C7EEC4042C1C26D200EA551E /* AnimatedButton.swift */ = {isa = PBXFileReference; lastKnownFileType = sourcecode.swift; path = AnimatedButton.swift; sourceTree = "<group>"; };
		C7EEC4062C1CA11000EA551E /* Settings.swift */ = {isa = PBXFileReference; lastKnownFileType = sourcecode.swift; path = Settings.swift; sourceTree = "<group>"; };
/* End PBXFileReference section */

/* Begin PBXFrameworksBuildPhase section */
		C79E213B2C1421BF00EACF55 /* Frameworks */ = {
			isa = PBXFrameworksBuildPhase;
			buildActionMask = 2147483647;
			files = (
			);
			runOnlyForDeploymentPostprocessing = 0;
		};
		C79FB3562A248DF100FEFD59 /* Frameworks */ = {
			isa = PBXFrameworksBuildPhase;
			buildActionMask = 2147483647;
			files = (
			);
			runOnlyForDeploymentPostprocessing = 0;
		};
/* End PBXFrameworksBuildPhase section */

/* Begin PBXGroup section */
		C703483E2A2497BE0062FD6E /* Views */ = {
			isa = PBXGroup;
			children = (
				C79FB35E2A248DF100FEFD59 /* MainView.swift */,
				C796F58C2C1436DC005BCFCA /* BluetoothStatus.swift */,
				C7A8DFBB2A38520F00F931C5 /* BikerList.swift */,
				C7015CE22A27754D00D1F120 /* BikerListItem.swift */,
				C7EEC4042C1C26D200EA551E /* AnimatedButton.swift */,
				C7EEC4082C1CB25C00EA551E /* Start */,
				C7EEC4092C1CB26B00EA551E /* Finish */,
				C7804D322A2783940060CBC7 /* Settings */,
			);
			path = Views;
			sourceTree = "<group>";
		};
		C70348422A24982B0062FD6E /* Models */ = {
			isa = PBXGroup;
			children = (
				C74906712C12E640001D409B /* Biker.swift */,
			);
			path = Models;
			sourceTree = "<group>";
		};
		C74906732C12E653001D409B /* ViewModels */ = {
			isa = PBXGroup;
			children = (
				C72524352A24AA8E0022680F /* SensorController.swift */,
				C7C26CA52C12F667002C32F4 /* BikerStore.swift */,
				C70348432A2498570062FD6E /* CountdownCounter.swift */,
			);
			path = ViewModels;
			sourceTree = "<group>";
		};
		C7804D322A2783940060CBC7 /* Settings */ = {
			isa = PBXGroup;
			children = (
				C7EEC4062C1CA11000EA551E /* Settings.swift */,
				C7804D352A2794D30060CBC7 /* SensorSettings.swift */,
				C7804D372A27956F0060CBC7 /* UpdateLog.swift */,
			);
			path = Settings;
			sourceTree = "<group>";
		};
		C79FB3502A248DF100FEFD59 = {
			isa = PBXGroup;
			children = (
				C79FB35B2A248DF100FEFD59 /* Kronometer */,
				C7A8DFD82A38A78A00F931C5 /* KronometerTests */,
				C79FB35A2A248DF100FEFD59 /* Products */,
			);
			sourceTree = "<group>";
		};
		C79FB35A2A248DF100FEFD59 /* Products */ = {
			isa = PBXGroup;
			children = (
				C79FB3592A248DF100FEFD59 /* Kronometer.app */,
				C79E21402C1421BF00EACF55 /* KronometerTests.xctest */,
			);
			name = Products;
			sourceTree = "<group>";
		};
		C79FB35B2A248DF100FEFD59 /* Kronometer */ = {
			isa = PBXGroup;
			children = (
				C703483E2A2497BE0062FD6E /* Views */,
				C7CABE032DAE9DEF00D2D1A8 /* Services */,
				C70348422A24982B0062FD6E /* Models */,
				C74906732C12E653001D409B /* ViewModels */,
				C749066F2C12E5C6001D409B /* Utils.swift */,
				C79FB3602A248DF200FEFD59 /* Assets.xcassets */,
				C79FB3622A248DF200FEFD59 /* Preview Content */,
				C725243B2A24F2F30022680F /* Settings.bundle */,
				C79FB35C2A248DF100FEFD59 /* KronometerApp.swift */,
				C7CABE182DAFEDDC00D2D1A8 /* Localizable.xcstrings */,
				C7CABE0D2DAEA31900D2D1A8 /* Info.plist */,
				C7CABE0B2DAEA11200D2D1A8 /* Secrets.xcconfig */,
			);
			path = Kronometer;
			sourceTree = "<group>";
		};
		C79FB3622A248DF200FEFD59 /* Preview Content */ = {
			isa = PBXGroup;
			children = (
				C79FB3632A248DF200FEFD59 /* Preview Assets.xcassets */,
			);
			path = "Preview Content";
			sourceTree = "<group>";
		};
		C7A8DFD82A38A78A00F931C5 /* KronometerTests */ = {
			isa = PBXGroup;
			children = (
				C79E21502C14225A00EACF55 /* TestPlan.xctestplan */,
				C79E21312C141F4700EACF55 /* UtilTests.swift */,
				C796F58E2C145EB9005BCFCA /* ApiTests.swift */,
			);
			path = KronometerTests;
			sourceTree = "<group>";
		};
		C7CABE032DAE9DEF00D2D1A8 /* Services */ = {
			isa = PBXGroup;
			children = (
				C7CABE052DAE9E0400D2D1A8 /* API */,
				C7CABE062DAE9E1600D2D1A8 /* Auth */,
				C7CABE072DAE9E4C00D2D1A8 /* Storage */,
			);
			path = Services;
			sourceTree = "<group>";
		};
		C7CABE052DAE9E0400D2D1A8 /* API */ = {
			isa = PBXGroup;
			children = (
				C7CABE0F2DAF7FC500D2D1A8 /* ApiManager.swift */,
				C7A8DFEC2A39CEE500F931C5 /* ApiService.swift */,
			);
			path = API;
			sourceTree = "<group>";
		};
		C7CABE062DAE9E1600D2D1A8 /* Auth */ = {
			isa = PBXGroup;
			children = (
				C7CABE082DAE9E7B00D2D1A8 /* AuthService.swift */,
			);
			path = Auth;
			sourceTree = "<group>";
		};
		C7CABE072DAE9E4C00D2D1A8 /* Storage */ = {
			isa = PBXGroup;
			children = (
				C7CABDFD2DAD01BD00D2D1A8 /* KeychainManager.swift */,
			);
			path = Storage;
			sourceTree = "<group>";
		};
		C7EEC4082C1CB25C00EA551E /* Start */ = {
			isa = PBXGroup;
			children = (
				C70348402A2498080062FD6E /* Countdown.swift */,
				C703484A2A2499C10062FD6E /* StartHome.swift */,
				C7015CDE2A27526000D1F120 /* StartList.swift */,
			);
			path = Start;
			sourceTree = "<group>";
		};
		C7EEC4092C1CB26B00EA551E /* Finish */ = {
			isa = PBXGroup;
			children = (
				C796F5912C147BEB005BCFCA /* FinishHome.swift */,
				C7A8DFBD2A38526200F931C5 /* SensorEvents.swift */,
				C7A8DFE62A3996B100F931C5 /* AddEvent.swift */,
			);
			path = Finish;
			sourceTree = "<group>";
		};
/* End PBXGroup section */

/* Begin PBXNativeTarget section */
		C79E21352C1421BF00EACF55 /* KronometerTests */ = {
			isa = PBXNativeTarget;
			buildConfigurationList = C79E213D2C1421BF00EACF55 /* Build configuration list for PBXNativeTarget "KronometerTests" */;
			buildPhases = (
				C79E21382C1421BF00EACF55 /* Sources */,
				C79E213B2C1421BF00EACF55 /* Frameworks */,
				C79E213C2C1421BF00EACF55 /* Resources */,
			);
			buildRules = (
			);
			dependencies = (
				C79E21362C1421BF00EACF55 /* PBXTargetDependency */,
			);
			name = KronometerTests;
			productName = KronometerTests;
			productReference = C79E21402C1421BF00EACF55 /* KronometerTests.xctest */;
			productType = "com.apple.product-type.bundle.unit-test";
		};
		C79FB3582A248DF100FEFD59 /* Kronometer */ = {
			isa = PBXNativeTarget;
			buildConfigurationList = C79FB3672A248DF200FEFD59 /* Build configuration list for PBXNativeTarget "Kronometer" */;
			buildPhases = (
				C79FB3552A248DF100FEFD59 /* Sources */,
				C79FB3562A248DF100FEFD59 /* Frameworks */,
				C79FB3572A248DF100FEFD59 /* Resources */,
			);
			buildRules = (
			);
			dependencies = (
			);
			name = Kronometer;
			productName = Kronometer;
			productReference = C79FB3592A248DF100FEFD59 /* Kronometer.app */;
			productType = "com.apple.product-type.application";
		};
/* End PBXNativeTarget section */

/* Begin PBXProject section */
		C79FB3512A248DF100FEFD59 /* Project object */ = {
			isa = PBXProject;
			attributes = {
				BuildIndependentTargetsInParallel = 1;
				LastSwiftUpdateCheck = 1540;
				LastUpgradeCheck = 1630;
				TargetAttributes = {
					C79FB3582A248DF100FEFD59 = {
						CreatedOnToolsVersion = 14.3;
					};
				};
			};
			buildConfigurationList = C79FB3542A248DF100FEFD59 /* Build configuration list for PBXProject "Kronometer" */;
			compatibilityVersion = "Xcode 14.0";
			developmentRegion = en;
			hasScannedForEncodings = 0;
			knownRegions = (
				en,
				Base,
				sl,
			);
			mainGroup = C79FB3502A248DF100FEFD59;
			productRefGroup = C79FB35A2A248DF100FEFD59 /* Products */;
			projectDirPath = "";
			projectRoot = "";
			targets = (
				C79FB3582A248DF100FEFD59 /* Kronometer */,
				C79E21352C1421BF00EACF55 /* KronometerTests */,
			);
		};
/* End PBXProject section */

/* Begin PBXResourcesBuildPhase section */
		C79E213C2C1421BF00EACF55 /* Resources */ = {
			isa = PBXResourcesBuildPhase;
			buildActionMask = 2147483647;
			files = (
			);
			runOnlyForDeploymentPostprocessing = 0;
		};
		C79FB3572A248DF100FEFD59 /* Resources */ = {
			isa = PBXResourcesBuildPhase;
			buildActionMask = 2147483647;
			files = (
				C7CABE0C2DAEA12000D2D1A8 /* Secrets.xcconfig in Resources */,
				C7CABE192DAFEDDC00D2D1A8 /* Localizable.xcstrings in Resources */,
				C79FB3642A248DF200FEFD59 /* Preview Assets.xcassets in Resources */,
				C725243C2A24F2F30022680F /* Settings.bundle in Resources */,
				C79FB3612A248DF200FEFD59 /* Assets.xcassets in Resources */,
			);
			runOnlyForDeploymentPostprocessing = 0;
		};
/* End PBXResourcesBuildPhase section */

/* Begin PBXSourcesBuildPhase section */
		C79E21382C1421BF00EACF55 /* Sources */ = {
			isa = PBXSourcesBuildPhase;
			buildActionMask = 2147483647;
			files = (
				C796F5902C145FF7005BCFCA /* ApiService.swift in Sources */,
				C79E21392C1421BF00EACF55 /* Utils.swift in Sources */,
				C7CABE0A2DAE9E8100D2D1A8 /* AuthService.swift in Sources */,
				C79E214F2C14221200EACF55 /* UtilTests.swift in Sources */,
				C7CABE112DAF7FC900D2D1A8 /* ApiManager.swift in Sources */,
				C796F58F2C145EB9005BCFCA /* ApiTests.swift in Sources */,
			);
			runOnlyForDeploymentPostprocessing = 0;
		};
		C79FB3552A248DF100FEFD59 /* Sources */ = {
			isa = PBXSourcesBuildPhase;
			buildActionMask = 2147483647;
			files = (
				C703484B2A2499C10062FD6E /* StartHome.swift in Sources */,
				C7EEC4052C1C26D200EA551E /* AnimatedButton.swift in Sources */,
				C7804D362A2794D30060CBC7 /* SensorSettings.swift in Sources */,
				C74906702C12E5C6001D409B /* Utils.swift in Sources */,
				C796F5922C147BEB005BCFCA /* FinishHome.swift in Sources */,
				C7015CDF2A27526000D1F120 /* StartList.swift in Sources */,
				C79FB35F2A248DF100FEFD59 /* MainView.swift in Sources */,
				C70348442A2498570062FD6E /* CountdownCounter.swift in Sources */,
				C7015CE32A27754D00D1F120 /* BikerListItem.swift in Sources */,
				C72524362A24AA8E0022680F /* SensorController.swift in Sources */,
				C7CABE102DAF7FC900D2D1A8 /* ApiManager.swift in Sources */,
				C7CABDFE2DAD01C500D2D1A8 /* KeychainManager.swift in Sources */,
				C796F58D2C1436DC005BCFCA /* BluetoothStatus.swift in Sources */,
				C74906722C12E640001D409B /* Biker.swift in Sources */,
				C7A8DFBC2A38520F00F931C5 /* BikerList.swift in Sources */,
				C7A8DFE72A3996B100F931C5 /* AddEvent.swift in Sources */,
				C7804D382A27956F0060CBC7 /* UpdateLog.swift in Sources */,
				C79FB35D2A248DF100FEFD59 /* KronometerApp.swift in Sources */,
				C7A8DFED2A39CEE500F931C5 /* ApiService.swift in Sources */,
				C7C26CA62C12F667002C32F4 /* BikerStore.swift in Sources */,
				C7EEC4072C1CA11000EA551E /* Settings.swift in Sources */,
				C7A8DFBE2A38526200F931C5 /* SensorEvents.swift in Sources */,
				C70348412A2498080062FD6E /* Countdown.swift in Sources */,
				C7CABE092DAE9E8100D2D1A8 /* AuthService.swift in Sources */,
			);
			runOnlyForDeploymentPostprocessing = 0;
		};
/* End PBXSourcesBuildPhase section */

/* Begin PBXTargetDependency section */
		C79E21362C1421BF00EACF55 /* PBXTargetDependency */ = {
			isa = PBXTargetDependency;
			target = C79FB3582A248DF100FEFD59 /* Kronometer */;
			targetProxy = C79E21372C1421BF00EACF55 /* PBXContainerItemProxy */;
		};
/* End PBXTargetDependency section */

/* Begin XCBuildConfiguration section */
		C79E213E2C1421BF00EACF55 /* Debug */ = {
			isa = XCBuildConfiguration;
			buildSettings = {
				BUNDLE_LOADER = "$(TEST_HOST)";
				CODE_SIGN_STYLE = Automatic;
				CURRENT_PROJECT_VERSION = 1;
				DEAD_CODE_STRIPPING = YES;
				GENERATE_INFOPLIST_FILE = YES;
				IPHONEOS_DEPLOYMENT_TARGET = 16.4;
				MACOSX_DEPLOYMENT_TARGET = 13.3;
				MARKETING_VERSION = 1.0;
				PRODUCT_BUNDLE_IDENTIFIER = net.staric.KronometerTests;
				PRODUCT_NAME = "$(TARGET_NAME)";
				SDKROOT = auto;
				SUPPORTED_PLATFORMS = "iphoneos iphonesimulator macosx";
				SWIFT_EMIT_LOC_STRINGS = NO;
				SWIFT_VERSION = 5.0;
				TARGETED_DEVICE_FAMILY = "1,2";
				TEST_HOST = "$(BUILT_PRODUCTS_DIR)/Kronometer.app/$(BUNDLE_EXECUTABLE_FOLDER_PATH)/Kronometer";
			};
			name = Debug;
		};
		C79E213F2C1421BF00EACF55 /* Release */ = {
			isa = XCBuildConfiguration;
			buildSettings = {
				BUNDLE_LOADER = "$(TEST_HOST)";
				CODE_SIGN_STYLE = Automatic;
				CURRENT_PROJECT_VERSION = 1;
				DEAD_CODE_STRIPPING = YES;
				GENERATE_INFOPLIST_FILE = YES;
				IPHONEOS_DEPLOYMENT_TARGET = 16.4;
				MACOSX_DEPLOYMENT_TARGET = 13.3;
				MARKETING_VERSION = 1.0;
				PRODUCT_BUNDLE_IDENTIFIER = net.staric.KronometerTests;
				PRODUCT_NAME = "$(TARGET_NAME)";
				SDKROOT = auto;
				SUPPORTED_PLATFORMS = "iphoneos iphonesimulator macosx";
				SWIFT_EMIT_LOC_STRINGS = NO;
				SWIFT_VERSION = 5.0;
				TARGETED_DEVICE_FAMILY = "1,2";
				TEST_HOST = "$(BUILT_PRODUCTS_DIR)/Kronometer.app/$(BUNDLE_EXECUTABLE_FOLDER_PATH)/Kronometer";
			};
			name = Release;
		};
		C79FB3652A248DF200FEFD59 /* Debug */ = {
			isa = XCBuildConfiguration;
			buildSettings = {
				ALWAYS_SEARCH_USER_PATHS = NO;
				ASSETCATALOG_COMPILER_GENERATE_SWIFT_ASSET_SYMBOL_EXTENSIONS = YES;
				CLANG_ANALYZER_NONNULL = YES;
				CLANG_ANALYZER_NUMBER_OBJECT_CONVERSION = YES_AGGRESSIVE;
				CLANG_CXX_LANGUAGE_STANDARD = "gnu++20";
				CLANG_ENABLE_MODULES = YES;
				CLANG_ENABLE_OBJC_ARC = YES;
				CLANG_ENABLE_OBJC_WEAK = YES;
				CLANG_WARN_BLOCK_CAPTURE_AUTORELEASING = YES;
				CLANG_WARN_BOOL_CONVERSION = YES;
				CLANG_WARN_COMMA = YES;
				CLANG_WARN_CONSTANT_CONVERSION = YES;
				CLANG_WARN_DEPRECATED_OBJC_IMPLEMENTATIONS = YES;
				CLANG_WARN_DIRECT_OBJC_ISA_USAGE = YES_ERROR;
				CLANG_WARN_DOCUMENTATION_COMMENTS = YES;
				CLANG_WARN_EMPTY_BODY = YES;
				CLANG_WARN_ENUM_CONVERSION = YES;
				CLANG_WARN_INFINITE_RECURSION = YES;
				CLANG_WARN_INT_CONVERSION = YES;
				CLANG_WARN_NON_LITERAL_NULL_CONVERSION = YES;
				CLANG_WARN_OBJC_IMPLICIT_RETAIN_SELF = YES;
				CLANG_WARN_OBJC_LITERAL_CONVERSION = YES;
				CLANG_WARN_OBJC_ROOT_CLASS = YES_ERROR;
				CLANG_WARN_QUOTED_INCLUDE_IN_FRAMEWORK_HEADER = YES;
				CLANG_WARN_RANGE_LOOP_ANALYSIS = YES;
				CLANG_WARN_STRICT_PROTOTYPES = YES;
				CLANG_WARN_SUSPICIOUS_MOVE = YES;
				CLANG_WARN_UNGUARDED_AVAILABILITY = YES_AGGRESSIVE;
				CLANG_WARN_UNREACHABLE_CODE = YES;
				CLANG_WARN__DUPLICATE_METHOD_MATCH = YES;
				COPY_PHASE_STRIP = NO;
				DEBUG_INFORMATION_FORMAT = dwarf;
				DEVELOPMENT_TEAM = 8AWHVW9A5C;
				ENABLE_STRICT_OBJC_MSGSEND = YES;
				ENABLE_TESTABILITY = YES;
				ENABLE_USER_SCRIPT_SANDBOXING = YES;
				GCC_C_LANGUAGE_STANDARD = gnu11;
				GCC_DYNAMIC_NO_PIC = NO;
				GCC_NO_COMMON_BLOCKS = YES;
				GCC_OPTIMIZATION_LEVEL = 0;
				GCC_PREPROCESSOR_DEFINITIONS = (
					"DEBUG=1",
					"$(inherited)",
				);
				GCC_WARN_64_TO_32_BIT_CONVERSION = YES;
				GCC_WARN_ABOUT_RETURN_TYPE = YES_ERROR;
				GCC_WARN_UNDECLARED_SELECTOR = YES;
				GCC_WARN_UNINITIALIZED_AUTOS = YES_AGGRESSIVE;
				GCC_WARN_UNUSED_FUNCTION = YES;
				GCC_WARN_UNUSED_VARIABLE = YES;
				IPHONEOS_DEPLOYMENT_TARGET = 17.0;
				MTL_ENABLE_DEBUG_INFO = INCLUDE_SOURCE;
				MTL_FAST_MATH = YES;
				ONLY_ACTIVE_ARCH = YES;
				SDKROOT = iphoneos;
				SWIFT_ACTIVE_COMPILATION_CONDITIONS = DEBUG;
				SWIFT_EMIT_LOC_STRINGS = YES;
				SWIFT_OPTIMIZATION_LEVEL = "-Onone";
			};
			name = Debug;
		};
		C79FB3662A248DF200FEFD59 /* Release */ = {
			isa = XCBuildConfiguration;
			buildSettings = {
				ALWAYS_SEARCH_USER_PATHS = NO;
				ASSETCATALOG_COMPILER_GENERATE_SWIFT_ASSET_SYMBOL_EXTENSIONS = YES;
				CLANG_ANALYZER_NONNULL = YES;
				CLANG_ANALYZER_NUMBER_OBJECT_CONVERSION = YES_AGGRESSIVE;
				CLANG_CXX_LANGUAGE_STANDARD = "gnu++20";
				CLANG_ENABLE_MODULES = YES;
				CLANG_ENABLE_OBJC_ARC = YES;
				CLANG_ENABLE_OBJC_WEAK = YES;
				CLANG_WARN_BLOCK_CAPTURE_AUTORELEASING = YES;
				CLANG_WARN_BOOL_CONVERSION = YES;
				CLANG_WARN_COMMA = YES;
				CLANG_WARN_CONSTANT_CONVERSION = YES;
				CLANG_WARN_DEPRECATED_OBJC_IMPLEMENTATIONS = YES;
				CLANG_WARN_DIRECT_OBJC_ISA_USAGE = YES_ERROR;
				CLANG_WARN_DOCUMENTATION_COMMENTS = YES;
				CLANG_WARN_EMPTY_BODY = YES;
				CLANG_WARN_ENUM_CONVERSION = YES;
				CLANG_WARN_INFINITE_RECURSION = YES;
				CLANG_WARN_INT_CONVERSION = YES;
				CLANG_WARN_NON_LITERAL_NULL_CONVERSION = YES;
				CLANG_WARN_OBJC_IMPLICIT_RETAIN_SELF = YES;
				CLANG_WARN_OBJC_LITERAL_CONVERSION = YES;
				CLANG_WARN_OBJC_ROOT_CLASS = YES_ERROR;
				CLANG_WARN_QUOTED_INCLUDE_IN_FRAMEWORK_HEADER = YES;
				CLANG_WARN_RANGE_LOOP_ANALYSIS = YES;
				CLANG_WARN_STRICT_PROTOTYPES = YES;
				CLANG_WARN_SUSPICIOUS_MOVE = YES;
				CLANG_WARN_UNGUARDED_AVAILABILITY = YES_AGGRESSIVE;
				CLANG_WARN_UNREACHABLE_CODE = YES;
				CLANG_WARN__DUPLICATE_METHOD_MATCH = YES;
				COPY_PHASE_STRIP = NO;
				DEBUG_INFORMATION_FORMAT = "dwarf-with-dsym";
				DEVELOPMENT_TEAM = 8AWHVW9A5C;
				ENABLE_NS_ASSERTIONS = NO;
				ENABLE_STRICT_OBJC_MSGSEND = YES;
				ENABLE_USER_SCRIPT_SANDBOXING = YES;
				GCC_C_LANGUAGE_STANDARD = gnu11;
				GCC_NO_COMMON_BLOCKS = YES;
				GCC_WARN_64_TO_32_BIT_CONVERSION = YES;
				GCC_WARN_ABOUT_RETURN_TYPE = YES_ERROR;
				GCC_WARN_UNDECLARED_SELECTOR = YES;
				GCC_WARN_UNINITIALIZED_AUTOS = YES_AGGRESSIVE;
				GCC_WARN_UNUSED_FUNCTION = YES;
				GCC_WARN_UNUSED_VARIABLE = YES;
				IPHONEOS_DEPLOYMENT_TARGET = 17.0;
				MTL_ENABLE_DEBUG_INFO = NO;
				MTL_FAST_MATH = YES;
				SDKROOT = iphoneos;
				SWIFT_COMPILATION_MODE = wholemodule;
				SWIFT_EMIT_LOC_STRINGS = YES;
				SWIFT_OPTIMIZATION_LEVEL = "-O";
				VALIDATE_PRODUCT = YES;
			};
			name = Release;
		};
		C79FB3682A248DF200FEFD59 /* Debug */ = {
			isa = XCBuildConfiguration;
			baseConfigurationReference = C7CABE0B2DAEA11200D2D1A8 /* Secrets.xcconfig */;
			buildSettings = {
				ASSETCATALOG_COMPILER_APPICON_NAME = AppIcon;
				ASSETCATALOG_COMPILER_GLOBAL_ACCENT_COLOR_NAME = AccentColor;
				CODE_SIGN_STYLE = Automatic;
				CURRENT_PROJECT_VERSION = 1;
				DEVELOPMENT_ASSET_PATHS = "\"Kronometer/Preview Content\"";
				ENABLE_PREVIEWS = YES;
				GENERATE_INFOPLIST_FILE = YES;
				INFOPLIST_FILE = Kronometer/Info.plist;
				INFOPLIST_KEY_NSBluetoothAlwaysUsageDescription = "App uses bluetooth to connect to sensor";
				INFOPLIST_KEY_UIApplicationSceneManifest_Generation = YES;
				INFOPLIST_KEY_UIApplicationSupportsIndirectInputEvents = YES;
				INFOPLIST_KEY_UILaunchScreen_Generation = YES;
				INFOPLIST_KEY_UISupportedInterfaceOrientations_iPad = "UIInterfaceOrientationPortrait UIInterfaceOrientationPortraitUpsideDown UIInterfaceOrientationLandscapeLeft UIInterfaceOrientationLandscapeRight";
				INFOPLIST_KEY_UISupportedInterfaceOrientations_iPhone = "UIInterfaceOrientationPortrait UIInterfaceOrientationLandscapeLeft UIInterfaceOrientationLandscapeRight";
				LD_RUNPATH_SEARCH_PATHS = (
					"$(inherited)",
					"@executable_path/Frameworks",
				);
				MARKETING_VERSION = 1.0;
				PRODUCT_BUNDLE_IDENTIFIER = net.staric.Kronometer;
				PRODUCT_NAME = "$(TARGET_NAME)";
				SWIFT_EMIT_LOC_STRINGS = YES;
				SWIFT_VERSION = 5.0;
				TARGETED_DEVICE_FAMILY = "1,2";
			};
			name = Debug;
		};
		C79FB3692A248DF200FEFD59 /* Release */ = {
			isa = XCBuildConfiguration;
			baseConfigurationReference = C7CABE0B2DAEA11200D2D1A8 /* Secrets.xcconfig */;
			buildSettings = {
				ASSETCATALOG_COMPILER_APPICON_NAME = AppIcon;
				ASSETCATALOG_COMPILER_GLOBAL_ACCENT_COLOR_NAME = AccentColor;
				CODE_SIGN_STYLE = Automatic;
				CURRENT_PROJECT_VERSION = 1;
				DEVELOPMENT_ASSET_PATHS = "\"Kronometer/Preview Content\"";
				ENABLE_PREVIEWS = YES;
				GENERATE_INFOPLIST_FILE = YES;
				INFOPLIST_FILE = Kronometer/Info.plist;
				INFOPLIST_KEY_NSBluetoothAlwaysUsageDescription = "App uses bluetooth to connect to sensor";
				INFOPLIST_KEY_UIApplicationSceneManifest_Generation = YES;
				INFOPLIST_KEY_UIApplicationSupportsIndirectInputEvents = YES;
				INFOPLIST_KEY_UILaunchScreen_Generation = YES;
				INFOPLIST_KEY_UISupportedInterfaceOrientations_iPad = "UIInterfaceOrientationPortrait UIInterfaceOrientationPortraitUpsideDown UIInterfaceOrientationLandscapeLeft UIInterfaceOrientationLandscapeRight";
				INFOPLIST_KEY_UISupportedInterfaceOrientations_iPhone = "UIInterfaceOrientationPortrait UIInterfaceOrientationLandscapeLeft UIInterfaceOrientationLandscapeRight";
				LD_RUNPATH_SEARCH_PATHS = (
					"$(inherited)",
					"@executable_path/Frameworks",
				);
				MARKETING_VERSION = 1.0;
				PRODUCT_BUNDLE_IDENTIFIER = net.staric.Kronometer;
				PRODUCT_NAME = "$(TARGET_NAME)";
				SWIFT_EMIT_LOC_STRINGS = YES;
				SWIFT_VERSION = 5.0;
				TARGETED_DEVICE_FAMILY = "1,2";
			};
			name = Release;
		};
/* End XCBuildConfiguration section */

/* Begin XCConfigurationList section */
		C79E213D2C1421BF00EACF55 /* Build configuration list for PBXNativeTarget "KronometerTests" */ = {
			isa = XCConfigurationList;
			buildConfigurations = (
				C79E213E2C1421BF00EACF55 /* Debug */,
				C79E213F2C1421BF00EACF55 /* Release */,
			);
			defaultConfigurationIsVisible = 0;
			defaultConfigurationName = Release;
		};
		C79FB3542A248DF100FEFD59 /* Build configuration list for PBXProject "Kronometer" */ = {
			isa = XCConfigurationList;
			buildConfigurations = (
				C79FB3652A248DF200FEFD59 /* Debug */,
				C79FB3662A248DF200FEFD59 /* Release */,
			);
			defaultConfigurationIsVisible = 0;
			defaultConfigurationName = Release;
		};
		C79FB3672A248DF200FEFD59 /* Build configuration list for PBXNativeTarget "Kronometer" */ = {
			isa = XCConfigurationList;
			buildConfigurations = (
				C79FB3682A248DF200FEFD59 /* Debug */,
				C79FB3692A248DF200FEFD59 /* Release */,
			);
			defaultConfigurationIsVisible = 0;
			defaultConfigurationName = Release;
		};
/* End XCConfigurationList section */
	};
	rootObject = C79FB3512A248DF100FEFD59 /* Project object */;
}
